<?xml version="1.0" encoding="utf-8"?>
<Project ToolsVersion="4.0" xmlns="http://schemas.microsoft.com/developer/msbuild/2003">
  <ItemGroup>
    <Filter Include="Source Files">
      <UniqueIdentifier>{4FC737F1-C7A5-4376-A066-2A32D752A2FF}</UniqueIdentifier>
      <Extensions>cpp;c;cc;cxx;def;odl;idl;hpj;bat;asm;asmx</Extensions>
    </Filter>
    <Filter Include="Header Files">
      <UniqueIdentifier>{93995380-89BD-4b04-88EB-625FBE52EBFB}</UniqueIdentifier>
      <Extensions>h;hh;hpp;hxx;hm;inl;inc;ipp;xsd</Extensions>
    </Filter>
    <Filter Include="Resource Files">
      <UniqueIdentifier>{67DA6AB6-F800-4c08-8B7A-83BB121AAD01}</UniqueIdentifier>
      <Extensions>rc;ico;cur;bmp;dlg;rc2;rct;bin;rgs;gif;jpg;jpeg;jpe;resx;tiff;tif;png;wav;mfcribbon-ms</Extensions>
    </Filter>
    <Filter Include="Header Files\Components">
      <UniqueIdentifier>{653ac6b2-fac2-4c15-8595-e960b52d0adf}</UniqueIdentifier>
    </Filter>
    <Filter Include="Source Files\Components">
      <UniqueIdentifier>{4a626b8b-8a7c-4c50-8889-7b8e17fe1994}</UniqueIdentifier>
    </Filter>
    <Filter Include="Source Files\Gamestates">
      <UniqueIdentifier>{6c21a9c5-4309-4d95-92cd-d03ddad95f91}</UniqueIdentifier>
    </Filter>
    <Filter Include="Header Files\Gamestates">
      <UniqueIdentifier>{2fcecd3f-9d04-458f-aae3-45c7f05c80c6}</UniqueIdentifier>
    </Filter>
    <Filter Include="Header Files\Managers &amp; Handlers">
      <UniqueIdentifier>{41c50149-6d11-48bc-8fd4-257bfd09bcd0}</UniqueIdentifier>
    </Filter>
    <Filter Include="Source Files\Managers &amp; Handlers">
      <UniqueIdentifier>{5349f6f7-5660-40cc-81d5-6621adb53fa1}</UniqueIdentifier>
    </Filter>
    <Filter Include="Source Files\GameModes">
      <UniqueIdentifier>{e1060035-7cfe-47e2-bf41-238cdd336448}</UniqueIdentifier>
    </Filter>
    <Filter Include="Header Files\GameModes">
      <UniqueIdentifier>{9268ba75-f622-4e29-98bb-e9bd3f806b13}</UniqueIdentifier>
    </Filter>
    <Filter Include="Header Files\Factories">
      <UniqueIdentifier>{4eacb146-b0c4-41ff-a750-8d9182711325}</UniqueIdentifier>
    </Filter>
    <Filter Include="Source Files\Factories">
      <UniqueIdentifier>{20cde4b2-bee8-4580-bd20-1abc4d157d2f}</UniqueIdentifier>
    </Filter>
    <Filter Include="Header Files\Pools">
      <UniqueIdentifier>{b4984d7e-50d1-443f-a7ed-c81eaca88af6}</UniqueIdentifier>
    </Filter>
    <Filter Include="Source Files\Pools">
      <UniqueIdentifier>{12a5685c-02f8-4c4a-a990-45844526fa3d}</UniqueIdentifier>
    </Filter>
    <Filter Include="Source Files\Components\Weapons">
      <UniqueIdentifier>{39d5b3da-a3a2-48b6-8d81-da92b20790a9}</UniqueIdentifier>
    </Filter>
    <Filter Include="Header Files\Components\Weapons">
      <UniqueIdentifier>{be79505f-f448-4b8b-839b-fe624286eeb3}</UniqueIdentifier>
    </Filter>
    <Filter Include="Header Files\Components\Viewers">
      <UniqueIdentifier>{22a7cef9-3a7d-4430-b47a-13ca68166c7a}</UniqueIdentifier>
    </Filter>
    <Filter Include="Source Files\Components\Viewers">
      <UniqueIdentifier>{4adbda0a-113e-4aff-b06e-48bc387f3c6e}</UniqueIdentifier>
    </Filter>
  </ItemGroup>
  <ItemGroup>
    <ClInclude Include="framework.h">
      <Filter>Header Files</Filter>
    </ClInclude>
    <ClInclude Include="targetver.h">
      <Filter>Header Files</Filter>
    </ClInclude>
    <ClInclude Include="Resource.h">
      <Filter>Header Files</Filter>
    </ClInclude>
    <ClInclude Include="PCE_Project.h">
      <Filter>Header Files</Filter>
    </ClInclude>
    <ClInclude Include="Constants.h">
      <Filter>Header Files</Filter>
    </ClInclude>
    <ClInclude Include="SDL_Game.h">
      <Filter>Header Files</Filter>
    </ClInclude>
    <ClInclude Include="checkML.h">
      <Filter>Header Files</Filter>
    </ClInclude>
    <ClInclude Include="Vector2D.h">
      <Filter>Header Files</Filter>
    </ClInclude>
    <ClInclude Include="Entity.h">
      <Filter>Header Files</Filter>
    </ClInclude>
    <ClInclude Include="Texture.h">
      <Filter>Header Files</Filter>
    </ClInclude>
    <ClInclude Include="Resources.h">
      <Filter>Header Files</Filter>
    </ClInclude>
    <ClInclude Include="SDL_macros.h">
      <Filter>Header Files</Filter>
    </ClInclude>
    <ClInclude Include="Font.h">
      <Filter>Header Files</Filter>
    </ClInclude>
    <ClInclude Include="TileSet.h">
      <Filter>Header Files</Filter>
    </ClInclude>
    <ClInclude Include="Component.h">
      <Filter>Header Files\Components</Filter>
    </ClInclude>
    <ClInclude Include="ComponentType.h">
      <Filter>Header Files\Components</Filter>
    </ClInclude>
    <ClInclude Include="Collider.h">
      <Filter>Header Files\Components</Filter>
    </ClInclude>
    <ClInclude Include="AttachesToObjects.h">
      <Filter>Header Files\Components</Filter>
    </ClInclude>
    <ClInclude Include="Hands.h">
      <Filter>Header Files\Components</Filter>
    </ClInclude>
    <ClInclude Include="Health.h">
      <Filter>Header Files\Components</Filter>
    </ClInclude>
    <ClInclude Include="PlayerController.h">
      <Filter>Header Files\Components</Filter>
    </ClInclude>
    <ClInclude Include="Transform.h">
      <Filter>Header Files\Components</Filter>
    </ClInclude>
    <ClInclude Include="TileMap.h">
      <Filter>Header Files\Components</Filter>
    </ClInclude>
    <ClInclude Include="GameStateMachine.h">
      <Filter>Header Files\Gamestates</Filter>
    </ClInclude>
    <ClInclude Include="GameState.h">
      <Filter>Header Files\Gamestates</Filter>
    </ClInclude>
    <ClInclude Include="PlayState.h">
      <Filter>Header Files\Gamestates</Filter>
    </ClInclude>
    <ClInclude Include="EntityManager.h">
      <Filter>Header Files\Managers &amp; Handlers</Filter>
    </ClInclude>
    <ClInclude Include="InputHandler.h">
      <Filter>Header Files\Managers &amp; Handlers</Filter>
    </ClInclude>
    <ClInclude Include="SDLTexturesManager.h">
      <Filter>Header Files\Managers &amp; Handlers</Filter>
    </ClInclude>
    <ClInclude Include="SDLFontsManager.h">
      <Filter>Header Files\Managers &amp; Handlers</Filter>
    </ClInclude>
    <ClInclude Include="SDLAudioManager.h">
      <Filter>Header Files\Managers &amp; Handlers</Filter>
    </ClInclude>
    <ClInclude Include="CollisionHandler.h">
      <Filter>Header Files\Managers &amp; Handlers</Filter>
    </ClInclude>
    <ClInclude Include="PlayerData.h">
      <Filter>Header Files\Components</Filter>
    </ClInclude>
    <ClInclude Include="InputHandler.h">
      <Filter>Header Files\Managers &amp; Handlers</Filter>
    </ClInclude>
    <ClInclude Include="PauseState.h">
      <Filter>Header Files\Gamestates</Filter>
    </ClInclude>
    <ClInclude Include="GameMode.h">
      <Filter>Header Files\GameModes</Filter>
    </ClInclude>
    <ClInclude Include="WiFightGameMode.h">
      <Filter>Header Files\GameModes</Filter>
    </ClInclude>
    <ClInclude Include="StocksGameMode.h">
      <Filter>Header Files\GameModes</Filter>
    </ClInclude>
    <ClInclude Include="RouterLogic.h">
      <Filter>Header Files\Components</Filter>
    </ClInclude>
    <ClInclude Include="ControllerGameMode.h">
      <Filter>Header Files\Gamemodes</Filter>
    </ClInclude>
    <ClInclude Include="CapitalismGameMode.h">
      <Filter>Header Files\GameModes</Filter>
    </ClInclude>
    <ClInclude Include="Wallet.h">
      <Filter>Header Files\Components</Filter>
    </ClInclude>
    <ClInclude Include="PlayerFactory.h">
      <Filter>Header Files\Factories</Filter>
    </ClInclude>
    <ClInclude Include="ObjectFactory.h">
      <Filter>Header Files\Factories</Filter>
    </ClInclude>
    <ClInclude Include="Coin.h">
      <Filter>Header Files\Components</Filter>
    </ClInclude>
    <ClInclude Include="ParticleEmitter.h">
      <Filter>Header Files\Components</Filter>
    </ClInclude>
    <ClInclude Include="Pad.h">
      <Filter>Header Files\Components</Filter>
    </ClInclude>
    <ClInclude Include="Collision.h">
      <Filter>Header Files</Filter>
    </ClInclude>
    <ClInclude Include="Fireball.h">
      <Filter>Header Files\Components</Filter>
    </ClInclude>
    <ClInclude Include="FireBallGenerator.h">
      <Filter>Header Files\Components</Filter>
    </ClInclude>
    <ClInclude Include="BoilerButtonLogic.h">
      <Filter>Header Files\Components</Filter>
    </ClInclude>
    <ClInclude Include="Treadmill.h">
      <Filter>Header Files\Components</Filter>
    </ClInclude>
    <ClInclude Include="CoinsPool.h">
      <Filter>Header Files\Pools</Filter>
    </ClInclude>
    <ClInclude Include="FireBallPool.h">
      <Filter>Header Files\Pools</Filter>
    </ClInclude>
    <ClInclude Include="ObjectPool.h">
      <Filter>Header Files\Pools</Filter>
    </ClInclude>
    <ClInclude Include="TimeGameMode.h">
      <Filter>Header Files\GameModes</Filter>
    </ClInclude>
    <ClInclude Include="ThrownByPlayer.h">
      <Filter>Header Files\Components</Filter>
    </ClInclude>
    <ClInclude Include="ActionableWeapon.h">
      <Filter>Header Files\Components\Weapons</Filter>
    </ClInclude>
    <ClInclude Include="MeleeWeapon.h">
      <Filter>Header Files\Components\Weapons</Filter>
    </ClInclude>
    <ClInclude Include="Weapon.h">
      <Filter>Header Files\Components\Weapons</Filter>
    </ClInclude>
    <ClInclude Include="ExtinguisherWeapon.h">
      <Filter>Header Files\Components\Weapons</Filter>
    </ClInclude>
    <ClInclude Include="SlipperWeapon.h">
      <Filter>Header Files\Components\Weapons</Filter>
    </ClInclude>
    <ClInclude Include="MenuState.h">
      <Filter>Header Files\Gamestates</Filter>
    </ClInclude>
    <ClInclude Include="InputBinder.h">
      <Filter>Header Files</Filter>
    </ClInclude>
    <ClInclude Include="CarnivorousPlant.h">
      <Filter>Header Files\Components</Filter>
    </ClInclude>
    <ClInclude Include="TomatoPool.h">
      <Filter>Header Files\Pools</Filter>
    </ClInclude>
    <ClInclude Include="TomatoWeapon.h">
      <Filter>Header Files\Components\Weapons</Filter>
    </ClInclude>
    <ClInclude Include="AnimatedViewer.h">
      <Filter>Header Files\Components\Viewers</Filter>
    </ClInclude>
    <ClInclude Include="ColliderViewer.h">
      <Filter>Header Files\Components\Viewers</Filter>
    </ClInclude>
    <ClInclude Include="HealthViewer.h">
      <Filter>Header Files\Components\Viewers</Filter>
    </ClInclude>
    <ClInclude Include="ImpulseViewer.h">
      <Filter>Header Files\Components\Viewers</Filter>
    </ClInclude>
    <ClInclude Include="Viewer.h">
      <Filter>Header Files\Components\Viewers</Filter>
    </ClInclude>
    <ClInclude Include="BananaWeapon.h">
      <Filter>Header Files\Components\Weapons</Filter>
    </ClInclude>
    <ClInclude Include="BananaPool.h">
      <Filter>Header Files\Pools</Filter>
    </ClInclude>
    <ClInclude Include="BulletPool.h">
      <Filter>Header Files\Pools</Filter>
    </ClInclude>
    <ClInclude Include="Bullet.h">
      <Filter>Header Files\Components\Weapons</Filter>
    </ClInclude>
    <ClInclude Include="TransitionState.h">
      <Filter>Header Files\Gamestates</Filter>
    </ClInclude>
    <ClInclude Include="MidGameState.h">
      <Filter>Header Files\Gamestates</Filter>
    </ClInclude>
    <ClInclude Include="TutorialGameMode.h">
      <Filter>Header Files\GameModes</Filter>
    </ClInclude>
    <ClInclude Include="LobbyState.h">
      <Filter>Header Files\Gamestates</Filter>
    </ClInclude>
    <ClInclude Include="MatchInfo.h">
      <Filter>Header Files</Filter>
    </ClInclude>
    </ClInclude>
  </ItemGroup>
  <ItemGroup>
    <ClCompile Include="PCE_Project.cpp">
      <Filter>Source Files</Filter>
    </ClCompile>
    <ClCompile Include="SDL_Game.cpp">
      <Filter>Source Files</Filter>
    </ClCompile>
    <ClCompile Include="Vector2D.cpp">
      <Filter>Source Files</Filter>
    </ClCompile>
    <ClCompile Include="Entity.cpp">
      <Filter>Source Files</Filter>
    </ClCompile>
    <ClCompile Include="Texture.cpp">
      <Filter>Source Files</Filter>
    </ClCompile>
    <ClCompile Include="Resources.cpp">
      <Filter>Source Files</Filter>
    </ClCompile>
    <ClCompile Include="sdl_macros.cpp">
      <Filter>Source Files</Filter>
    </ClCompile>
    <ClCompile Include="Font.cpp">
      <Filter>Source Files</Filter>
    </ClCompile>
    <ClCompile Include="TileSet.cpp">
      <Filter>Source Files</Filter>
    </ClCompile>
    <ClCompile Include="TileMap.cpp">
      <Filter>Source Files\Components</Filter>
    </ClCompile>
    <ClCompile Include="Collider.cpp">
      <Filter>Source Files\Components</Filter>
    </ClCompile>
    <ClCompile Include="AttachesToObjects.cpp">
      <Filter>Source Files\Components</Filter>
    </ClCompile>
    <ClCompile Include="Hands.cpp">
      <Filter>Source Files\Components</Filter>
    </ClCompile>
    <ClCompile Include="PlayerController.cpp">
      <Filter>Source Files\Components</Filter>
    </ClCompile>
    <ClCompile Include="GameState.cpp">
      <Filter>Source Files\Gamestates</Filter>
    </ClCompile>
    <ClCompile Include="PlayState.cpp">
      <Filter>Source Files\Gamestates</Filter>
    </ClCompile>
    <ClCompile Include="GameStateMachine.cpp">
      <Filter>Source Files\Gamestates</Filter>
    </ClCompile>
    <ClCompile Include="SDLTexturesManager.cpp">
      <Filter>Source Files\Managers &amp; Handlers</Filter>
    </ClCompile>
    <ClCompile Include="SDLFontsManager.cpp">
      <Filter>Source Files\Managers &amp; Handlers</Filter>
    </ClCompile>
    <ClCompile Include="SDLAudioManager.cpp">
      <Filter>Source Files\Managers &amp; Handlers</Filter>
    </ClCompile>
    <ClCompile Include="EntityManager.cpp">
      <Filter>Source Files\Managers &amp; Handlers</Filter>
    </ClCompile>
    <ClCompile Include="InputHandler.cpp">
      <Filter>Source Files\Managers &amp; Handlers</Filter>
    </ClCompile>
    <ClCompile Include="CollisionHandler.cpp">
      <Filter>Source Files\Managers &amp; Handlers</Filter>
    </ClCompile>
    <ClCompile Include="PlayerData.cpp">
      <Filter>Source Files\Components</Filter>
    </ClCompile>
    <ClCompile Include="PauseState.cpp">
      <Filter>Source Files\Gamestates</Filter>
    </ClCompile>
    <ClCompile Include="GameMode.cpp">
      <Filter>Source Files\GameModes</Filter>
    </ClCompile>
    <ClCompile Include="WiFightGameMode.cpp">
      <Filter>Source Files\GameModes</Filter>
    </ClCompile>
    <ClCompile Include="StocksGameMode.cpp">
      <Filter>Source Files\GameModes</Filter>
    </ClCompile>
    <ClCompile Include="Constants.cpp">
      <Filter>Source Files</Filter>
    </ClCompile>
    <ClCompile Include="RouterLogic.cpp">
      <Filter>Source Files\Components</Filter>
    </ClCompile>
    <ClCompile Include="ControllerGameMode.cpp">
      <Filter>Source Files\Gamemodes</Filter>
    </ClCompile>
    <ClCompile Include="Wallet.cpp">
      <Filter>Source Files\Components</Filter>
    </ClCompile>
    <ClCompile Include="CapitalismGameMode.cpp">
      <Filter>Source Files\GameModes</Filter>
    </ClCompile>
    <ClCompile Include="PlayerFactory.cpp">
      <Filter>Source Files\Factories</Filter>
    </ClCompile>
    <ClCompile Include="ObjectFactory.cpp">
      <Filter>Source Files\Factories</Filter>
    </ClCompile>
    <ClCompile Include="Coin.cpp">
      <Filter>Source Files\Components</Filter>
    </ClCompile>
    <ClCompile Include="ParticleEmitter.cpp">
      <Filter>Source Files\Components</Filter>
    </ClCompile>
    <ClCompile Include="Pad.cpp">
      <Filter>Source Files\Components</Filter>
    </ClCompile>
    <ClCompile Include="Health.cpp">
      <Filter>Source Files\Components</Filter>
    </ClCompile>
    <ClCompile Include="Fireball.cpp">
      <Filter>Source Files\Components</Filter>
    </ClCompile>
    <ClCompile Include="FireBallGenerator.cpp">
      <Filter>Source Files\Components</Filter>
    </ClCompile>
    <ClCompile Include="Treadmill.cpp">
      <Filter>Source Files\Components</Filter>
    </ClCompile>
    <ClCompile Include="CoinsPool.cpp">
      <Filter>Source Files\Pools</Filter>
    </ClCompile>
    <ClCompile Include="FireBallPool.cpp">
      <Filter>Source Files\Pools</Filter>
    </ClCompile>
    <ClCompile Include="ThrownByPlayer.cpp">
      <Filter>Source Files\Components</Filter>
    </ClCompile>
    <ClCompile Include="TimeGameMode.cpp">
      <Filter>Source Files\GameModes</Filter>
    </ClCompile>
    <ClCompile Include="BoilerButtonLogic.cpp">
      <Filter>Source Files\Components</Filter>
    </ClCompile>
    <ClCompile Include="ExtinguisherWeapon.cpp">
      <Filter>Source Files\Components\Weapons</Filter>
    </ClCompile>
    <ClCompile Include="MeleeWeapon.cpp">
      <Filter>Source Files\Components\Weapons</Filter>
    </ClCompile>
    <ClCompile Include="Weapon.cpp">
      <Filter>Source Files\Components\Weapons</Filter>
    </ClCompile>
    <ClCompile Include="ActionableWeapon.cpp">
      <Filter>Source Files\Components\Weapons</Filter>
    </ClCompile>
    <ClCompile Include="SlipperWeapon.cpp">
      <Filter>Source Files\Components\Weapons</Filter>
    </ClCompile>
    <ClCompile Include="MenuState.cpp">
      <Filter>Source Files\Gamestates</Filter>
    </ClCompile>
    <ClCompile Include="InputBinder.cpp">
      <Filter>Source Files</Filter>
    </ClCompile>
    <ClCompile Include="CarnivorousPlant.cpp">
      <Filter>Source Files\Components</Filter>
    </ClCompile>
    <ClCompile Include="TomatoPool.cpp">
      <Filter>Source Files\Pools</Filter>
    </ClCompile>
    <ClCompile Include="TomatoWeapon.cpp">
      <Filter>Source Files\Components\Weapons</Filter>
    </ClCompile>
    <ClCompile Include="Component.cpp">
      <Filter>Source Files\Components</Filter>
    </ClCompile>
    <ClCompile Include="AnimatedViewer.cpp">
      <Filter>Source Files\Components\Viewers</Filter>
    </ClCompile>
    <ClCompile Include="ColliderViewer.cpp">
      <Filter>Source Files\Components\Viewers</Filter>
    </ClCompile>
    <ClCompile Include="HealthViewer.cpp">
      <Filter>Source Files\Components\Viewers</Filter>
    </ClCompile>
    <ClCompile Include="Viewer.cpp">
      <Filter>Source Files\Components\Viewers</Filter>
    </ClCompile>
    <ClCompile Include="ImpulseViewer.cpp">
      <Filter>Source Files\Components\Viewers</Filter>
    </ClCompile>
    <ClCompile Include="BananaWeapon.cpp">
      <Filter>Source Files\Components\Weapons</Filter>
    </ClCompile>
    <ClCompile Include="BananaPool.cpp">
      <Filter>Source Files\Pools</Filter>
    </ClCompile>
    <ClCompile Include="BulletPool.cpp">
      <Filter>Source Files\Pools</Filter>
    </ClCompile>
    <ClCompile Include="Bullet.cpp">
      <Filter>Source Files\Components\Weapons</Filter>
    </ClCompile>
    <ClCompile Include="TransitionState.cpp">
      <Filter>Source Files\Gamestates</Filter>
    </ClCompile>
    <ClCompile Include="MidGameState.cpp">
      <Filter>Source Files\Gamestates</Filter>
    </ClCompile>
    <ClCompile Include="TutorialGameMode.cpp">
      <Filter>Source Files\GameModes</Filter>
    </ClCompile>
    <ClCompile Include="LobbyState.cpp">
      <Filter>Source Files\Gamestates</Filter>
    </ClCompile>
    <ClCompile Include="MatchInfo.cpp">
      <Filter>Source Files</Filter>
      </ClCompile>
    <ClCompile Include="AbstractTimedGameMode.cpp">
      <Filter>Source Files\GameModes</Filter>
    </ClCompile>
  </ItemGroup>
  <ItemGroup>
    <ResourceCompile Include="PCE_Project.rc">
      <Filter>Resource Files</Filter>
    </ResourceCompile>
  </ItemGroup>
  <ItemGroup>
    <Image Include="small.ico">
      <Filter>Resource Files</Filter>
    </Image>
    <Image Include="PCE_Project.ico">
      <Filter>Resource Files</Filter>
    </Image>
  </ItemGroup>
  <ItemGroup>
    <None Include="..\config\constants.json" />
  </ItemGroup>
</Project>